
Microsoft Visual Studio Solution File, Format Version 12.00
# Visual Studio 15
VisualStudioVersion = 15.0.26228.9
MinimumVisualStudioVersion = 10.0.40219.1
Project("{2150E333-8FDC-42A3-9474-1A3956D46DE8}") = "0 - Modelagem de Entidades", "0 - Modelagem de Entidades", "{4DECE89F-3012-4505-B826-C8D29D7E2692}"
EndProject
Project("{FAE04EC0-301F-11D3-BF4B-00C04F79EFBC}") = "SignalR01.Entidades", "Signal01.Entidades\SignalR01.Entidades.csproj", "{68639698-99A1-4532-9698-848667D22640}"
EndProject
Project("{2150E333-8FDC-42A3-9474-1A3956D46DE8}") = "1 - Sistema", "1 - Sistema", "{868B7445-080A-4DE8-9DE1-AA8F873378FF}"
EndProject
Project("{2150E333-8FDC-42A3-9474-1A3956D46DE8}") = "1.1 - Camada de Apresentação", "1.1 - Camada de Apresentação", "{A0F8B234-A52D-4352-A6C2-961E8F2B6CEF}"
EndProject
Project("{2150E333-8FDC-42A3-9474-1A3956D46DE8}") = "1.2 - Camada de Acesso a Dados", "1.2 - Camada de Acesso a Dados", "{9E0B0461-DE5C-40D5-BCD0-4D5D22A362DD}"
EndProject
Project("{FAE04EC0-301F-11D3-BF4B-00C04F79EFBC}") = "SignalR01.Web", "SignalR01.Web\SignalR01.Web.csproj", "{07CD384F-6E4D-4873-BF87-E29C86CDFC7C}"
EndProject
Project("{FAE04EC0-301F-11D3-BF4B-00C04F79EFBC}") = "SignalR01.Repositorio", "SignalR01.Repositorio\SignalR01.Repositorio.csproj", "{48FF5871-D85B-49D5-B6DD-1BDCFF1E1D25}"
EndProject
Global
	GlobalSection(SolutionConfigurationPlatforms) = preSolution
		Debug|Any CPU = Debug|Any CPU
		Release|Any CPU = Release|Any CPU
	EndGlobalSection
	GlobalSection(ProjectConfigurationPlatforms) = postSolution
		{68639698-99A1-4532-9698-848667D22640}.Debug|Any CPU.ActiveCfg = Debug|Any CPU
		{68639698-99A1-4532-9698-848667D22640}.Debug|Any CPU.Build.0 = Debug|Any CPU
		{68639698-99A1-4532-9698-848667D22640}.Release|Any CPU.ActiveCfg = Release|Any CPU
		{68639698-99A1-4532-9698-848667D22640}.Release|Any CPU.Build.0 = Release|Any CPU
		{07CD384F-6E4D-4873-BF87-E29C86CDFC7C}.Debug|Any CPU.ActiveCfg = Debug|Any CPU
		{07CD384F-6E4D-4873-BF87-E29C86CDFC7C}.Debug|Any CPU.Build.0 = Debug|Any CPU
		{07CD384F-6E4D-4873-BF87-E29C86CDFC7C}.Release|Any CPU.ActiveCfg = Release|Any CPU
		{07CD384F-6E4D-4873-BF87-E29C86CDFC7C}.Release|Any CPU.Build.0 = Release|Any CPU
		{48FF5871-D85B-49D5-B6DD-1BDCFF1E1D25}.Debug|Any CPU.ActiveCfg = Debug|Any CPU
		{48FF5871-D85B-49D5-B6DD-1BDCFF1E1D25}.Debug|Any CPU.Build.0 = Debug|Any CPU
		{48FF5871-D85B-49D5-B6DD-1BDCFF1E1D25}.Release|Any CPU.ActiveCfg = Release|Any CPU
		{48FF5871-D85B-49D5-B6DD-1BDCFF1E1D25}.Release|Any CPU.Build.0 = Release|Any CPU
	EndGlobalSection
	GlobalSection(SolutionProperties) = preSolution
		HideSolutionNode = FALSE
	EndGlobalSection
	GlobalSection(NestedProjects) = preSolution
		{68639698-99A1-4532-9698-848667D22640} = {4DECE89F-3012-4505-B826-C8D29D7E2692}
		{A0F8B234-A52D-4352-A6C2-961E8F2B6CEF} = {868B7445-080A-4DE8-9DE1-AA8F873378FF}
		{9E0B0461-DE5C-40D5-BCD0-4D5D22A362DD} = {868B7445-080A-4DE8-9DE1-AA8F873378FF}
		{07CD384F-6E4D-4873-BF87-E29C86CDFC7C} = {A0F8B234-A52D-4352-A6C2-961E8F2B6CEF}
		{48FF5871-D85B-49D5-B6DD-1BDCFF1E1D25} = {9E0B0461-DE5C-40D5-BCD0-4D5D22A362DD}
	EndGlobalSection
EndGlobal
